{"is_source_file": false, "format": "", "description": "", "external_files": [], "external_methods": [], "published": [], "classes": [], "methods": [], "calls": [], "search-terms": [], "state": 2, "file_id": 50, "knowledge_revision": 177, "git_revision": "93059280f5ee9659f842d87c7dc293c820717191", "filename": "/home/kavia/workspace/code-generation/kavia-raffleconnect-7026-7031/main_container_for_kavia_raffleconnect/post_process_status.lock", "hash": "e9b4c3b42cef0193b7fddb548d37e652", "format-version": 4, "code-base-name": "default", "revision_history": [{"177": "93059280f5ee9659f842d87c7dc293c820717191"}]}